
Microsoft Visual Studio Solution File, Format Version 12.00
# Visual Studio Version 17
VisualStudioVersion = 17.8.34511.84
MinimumVisualStudioVersion = 10.0.40219.1
Project("{9A19103F-16F7-4668-BE54-9A1E7A4F7556}") = "IXRay.Hub.Avalonia", "src\IXRay.Hub.Avalonia\IXRay.Hub.Avalonia.csproj", "{E5E7BFE3-BBA2-4FDF-9D60-0C01A53A564C}"
EndProject
Project("{2150E333-8FDC-42A3-9474-1A3956D46DE8}") = "Solution Items", "Solution Items", "{5D3A253C-5788-43FB-8E02-A1BBED66F76F}"
	ProjectSection(SolutionItems) = preProject
		.editorconfig = .editorconfig
		.gitattributes = .gitattributes
		.gitignore = .gitignore
		.markdownlint.json = .markdownlint.json
		.vsconfig = .vsconfig
		CONTRIBUTORS.md = CONTRIBUTORS.md
		CONTRIBUTORS.ru.md = CONTRIBUTORS.ru.md
		Directory.Build.props = Directory.Build.props
		LICENSE.md = LICENSE.md
		LICENSE.ru.md = LICENSE.ru.md
		NuGet.config = NuGet.config
		publish-modhub.bat = publish-modhub.bat
		README.md = README.md
		README.ru.md = README.ru.md
		Settings.XamlStyler = Settings.XamlStyler
	EndProjectSection
EndProject
Project("{2150E333-8FDC-42A3-9474-1A3956D46DE8}") = "Frontend", "Frontend", "{5DA486C2-E50E-42C6-80CA-1011BE05AE8F}"
EndProject
Project("{2150E333-8FDC-42A3-9474-1A3956D46DE8}") = "Shared", "Shared", "{BB8A643B-9044-4007-BE2D-BF85F92C3AB0}"
EndProject
Project("{9A19103F-16F7-4668-BE54-9A1E7A4F7556}") = "IXRay.Hub.Logging", "src\IXRay.Hub.Logging\IXRay.Hub.Logging.csproj", "{23B1D848-2667-4CC9-AB1D-93E4F1D3CD3A}"
EndProject
Global
	GlobalSection(SolutionConfigurationPlatforms) = preSolution
		Debug|Any CPU = Debug|Any CPU
		Release|Any CPU = Release|Any CPU
	EndGlobalSection
	GlobalSection(ProjectConfigurationPlatforms) = postSolution
		{E5E7BFE3-BBA2-4FDF-9D60-0C01A53A564C}.Debug|Any CPU.ActiveCfg = Debug|Any CPU
		{E5E7BFE3-BBA2-4FDF-9D60-0C01A53A564C}.Debug|Any CPU.Build.0 = Debug|Any CPU
		{E5E7BFE3-BBA2-4FDF-9D60-0C01A53A564C}.Release|Any CPU.ActiveCfg = Release|Any CPU
		{E5E7BFE3-BBA2-4FDF-9D60-0C01A53A564C}.Release|Any CPU.Build.0 = Release|Any CPU
		{23B1D848-2667-4CC9-AB1D-93E4F1D3CD3A}.Debug|Any CPU.ActiveCfg = Debug|Any CPU
		{23B1D848-2667-4CC9-AB1D-93E4F1D3CD3A}.Debug|Any CPU.Build.0 = Debug|Any CPU
		{23B1D848-2667-4CC9-AB1D-93E4F1D3CD3A}.Release|Any CPU.ActiveCfg = Release|Any CPU
		{23B1D848-2667-4CC9-AB1D-93E4F1D3CD3A}.Release|Any CPU.Build.0 = Release|Any CPU
	EndGlobalSection
	GlobalSection(SolutionProperties) = preSolution
		HideSolutionNode = FALSE
	EndGlobalSection
	GlobalSection(NestedProjects) = preSolution
		{E5E7BFE3-BBA2-4FDF-9D60-0C01A53A564C} = {5DA486C2-E50E-42C6-80CA-1011BE05AE8F}
		{23B1D848-2667-4CC9-AB1D-93E4F1D3CD3A} = {BB8A643B-9044-4007-BE2D-BF85F92C3AB0}
	EndGlobalSection
	GlobalSection(ExtensibilityGlobals) = postSolution
		SolutionGuid = {9755F5FF-ED73-4104-AC03-D326FD6072FB}
	EndGlobalSection
EndGlobal
